# THIS IS AN AUTOGENERATED FILE. DO NOT EDIT THIS FILE DIRECTLY.
# yarn lockfile v1


immer@^3.1.2:
  version "3.1.2"
  resolved "https://registry.yarnpkg.com/immer/-/immer-3.1.2.tgz#1f24f2e25433f5ff168a1ff6c8c6366d2106e61a"
  integrity sha512-pi8JuvJ9c+98DlpDms/o0YLLg5khP8Qzjd8CtIGc4qVm2eoLdQGivJL266nWccofKT/oBSxnhAh/o+nmOXtLXw==

typescript@^3.4.5:
  version "3.4.5"
  resolved "https://registry.yarnpkg.com/typescript/-/typescript-3.4.5.tgz#2d2618d10bb566572b8d7aad5180d84257d70a99"
  integrity sha512-YycBxUb49UUhdNMU5aJ7z5Ej2XGmaIBL0x34vZ82fn3hGvD+bgrMrVDpatgz2f7YxUMJxMkbWxJZeAvDxVe7Vw==
