# THIS IS AN AUTOGENERATED FILE. DO NOT EDIT THIS FILE DIRECTLY.
# yarn lockfile v1


"@babel/runtime@^7.14.8":
  version "7.15.4"
  resolved "https://registry.yarnpkg.com/@babel/runtime/-/runtime-7.15.4.tgz#fd17d16bfdf878e6dd02d19753a39fa8a8d9c84a"
  integrity sha512-99catp6bHCaxr4sJ/DbTGgHS4+Rs2RVd2g7iOap6SLGPDknRK9ztKNsE/Fg6QhSeh1FGE5f6gHGQmvvn3I3xhw==
  dependencies:
    regenerator-runtime "^0.13.4"

"@babel/runtime@^7.5.5", "@babel/runtime@^7.8.7":
  version "7.14.6"
  resolved "https://registry.yarnpkg.com/@babel/runtime/-/runtime-7.14.6.tgz#535203bc0892efc7dec60bdc27b2ecf6e409062d"
  integrity sha512-/PCB2uJ7oM44tz8YhC4Z/6PeOKXp4K588f+5M3clr1M4zbqztlo0XEfJ2LEzj/FgwfgGcIdl8n7YYjTCI0BYwg==
  dependencies:
    regenerator-runtime "^0.13.4"

"@date-io/core@^2.11.0":
  version "2.11.0"
  resolved "https://registry.yarnpkg.com/@date-io/core/-/core-2.11.0.tgz#28580cda1c8228ab2c7ed6aee673ef0495f913e6"
  integrity sha512-DvPBnNoeuLaoSJZaxgpu54qzRhRKjSYVyQjhznTFrllKuDpm0sDFjHo6lvNLCM/cfMx2gb2PM2zY2kc9C8nmuw==

"@date-io/date-fns@^2.10.6", "@date-io/date-fns@^2.11.0":
  version "2.11.0"
  resolved "https://registry.yarnpkg.com/@date-io/date-fns/-/date-fns-2.11.0.tgz#142fbf954eda7ad66514af7a2802d78c4ea40053"
  integrity sha512-mPQ71plBeFrArvBSHtjWMHXA89IUbZ6kuo2dsjlRC/1uNOybo91spIb+wTu03NxKTl8ut07s0jJ9svF71afpRg==
  dependencies:
    "@date-io/core" "^2.11.0"

"@date-io/dayjs@^2.10.6":
  version "2.11.0"
  resolved "https://registry.yarnpkg.com/@date-io/dayjs/-/dayjs-2.11.0.tgz#41f4b4b9629612e6012accffd848875d1aeffb74"
  integrity sha512-w67vRK56NZJIKhJM/CrNbfnIcuMvR3ApfxzNZiCZ5w29sxgBDeKuX4M+P7A9r5HXOMGcsOcpgaoTDINNGkdpGQ==
  dependencies:
    "@date-io/core" "^2.11.0"

"@date-io/luxon@^2.10.6":
  version "2.11.0"
  resolved "https://registry.yarnpkg.com/@date-io/luxon/-/luxon-2.11.0.tgz#90494ba8ce4bb3cbd3fdceb7241e41777380cbe0"
  integrity sha512-P8mooqof0n/yV0QT3Ix+u+U5/MtKmYv77qNbO5Ca1ZpulfWK7I1BF3h5LEKzjInTEYt5vsjPb6pSzSFm5duMOA==
  dependencies:
    "@date-io/core" "^2.11.0"

"@date-io/moment@^2.10.6":
  version "2.11.0"
  resolved "https://registry.yarnpkg.com/@date-io/moment/-/moment-2.11.0.tgz#850f8dd090d401845b39276d034dbabe20224ef5"
  integrity sha512-QSL+83qezQ9Ty0dtFgAkk6eC0GMl/lgYfDajeVUDB3zVA2A038hzczRLBg29ifnBGhQMPABxuOafgWwhDjlarg==
  dependencies:
    "@date-io/core" "^2.11.0"

"@dialob/fill-api@^1.4.1":
  version "1.4.6"
  resolved "https://registry.yarnpkg.com/@dialob/fill-api/-/fill-api-1.4.6.tgz#a6344fd411b0265e23be8b3b6390d61247dbdd8f"
  integrity sha512-kHzDHJBmNrZZYAbvK94G2ECsIpREHCFFtvVNB/2LPhKXXJSzRQoV0O+/XnntUGUcI/PZR5YRRujXELOoNMOPxQ==
  dependencies:
    immer "^9.0.1"

"@dialob/fill-react@^3.0.0":
  version "3.0.0"
  resolved "https://registry.yarnpkg.com/@dialob/fill-react/-/fill-react-3.0.0.tgz#61c61020c0e6a0d9930ce6c39247e2dc0115b785"
  integrity sha512-f7cpMM9g+MoTYoJYAA8/dl81FgVhIO8z2fItH5ZGFb2AkoQZinJ37G8leFs1Y7V/dWujvwpqusCjUW4Tu3J2lg==

"@emotion/cache@^11.4.0":
  version "11.4.0"
  resolved "https://registry.yarnpkg.com/@emotion/cache/-/cache-11.4.0.tgz#293fc9d9a7a38b9aad8e9337e5014366c3b09ac0"
  integrity sha512-Zx70bjE7LErRO9OaZrhf22Qye1y4F7iDl+ITjet0J+i+B88PrAOBkKvaAWhxsZf72tDLajwCgfCjJ2dvH77C3g==
  dependencies:
    "@emotion/memoize" "^0.7.4"
    "@emotion/sheet" "^1.0.0"
    "@emotion/utils" "^1.0.0"
    "@emotion/weak-memoize" "^0.2.5"
    stylis "^4.0.3"

"@emotion/is-prop-valid@^1.1.0":
  version "1.1.0"
  resolved "https://registry.yarnpkg.com/@emotion/is-prop-valid/-/is-prop-valid-1.1.0.tgz#29ef6be1e946fb4739f9707def860f316f668cde"
  integrity sha512-9RkilvXAufQHsSsjQ3PIzSns+pxuX4EW8EbGeSPjZMHuMx6z/MOzb9LpqNieQX4F3mre3NWS2+X3JNRHTQztUQ==
  dependencies:
    "@emotion/memoize" "^0.7.4"

"@emotion/memoize@^0.7.4":
  version "0.7.5"
  resolved "https://registry.yarnpkg.com/@emotion/memoize/-/memoize-0.7.5.tgz#2c40f81449a4e554e9fc6396910ed4843ec2be50"
  integrity sha512-igX9a37DR2ZPGYtV6suZ6whr8pTFtyHL3K/oLUotxpSVO2ASaprmAe2Dkq7tBo7CRY7MMDrAa9nuQP9/YG8FxQ==

"@emotion/sheet@^1.0.0":
  version "1.0.1"
  resolved "https://registry.yarnpkg.com/@emotion/sheet/-/sheet-1.0.1.tgz#245f54abb02dfd82326e28689f34c27aa9b2a698"
  integrity sha512-GbIvVMe4U+Zc+929N1V7nW6YYJtidj31lidSmdYcWozwoBIObXBnaJkKNDjZrLm9Nc0BR+ZyHNaRZxqNZbof5g==

"@emotion/utils@^1.0.0":
  version "1.0.0"
  resolved "https://registry.yarnpkg.com/@emotion/utils/-/utils-1.0.0.tgz#abe06a83160b10570816c913990245813a2fd6af"
  integrity sha512-mQC2b3XLDs6QCW+pDQDiyO/EdGZYOygE8s5N5rrzjSI4M3IejPE/JPndCBwRT9z982aqQNi6beWs1UeayrQxxA==

"@emotion/weak-memoize@^0.2.5":
  version "0.2.5"
  resolved "https://registry.yarnpkg.com/@emotion/weak-memoize/-/weak-memoize-0.2.5.tgz#8eed982e2ee6f7f4e44c253e12962980791efd46"
  integrity sha512-6U71C2Wp7r5XtFtQzYrW5iKFT67OixrSxjI4MptCHzdSVlgabczzqLe0ZSgnub/5Kp4hSbpDB1tMytZY9pwxxA==

"@formatjs/ecma402-abstract@1.9.8":
  version "1.9.8"
  resolved "https://registry.yarnpkg.com/@formatjs/ecma402-abstract/-/ecma402-abstract-1.9.8.tgz#f3dad447fbc7f063f88e2a148b7a353161740e74"
  integrity sha512-2U4n11bLmTij/k4ePCEFKJILPYwdMcJTdnKVBi+JMWBgu5O1N+XhCazlE6QXqVO1Agh2Doh0b/9Jf1mSmSVfhA==
  dependencies:
    "@formatjs/intl-localematcher" "0.2.20"
    tslib "^2.1.0"

"@formatjs/fast-memoize@1.2.0":
  version "1.2.0"
  resolved "https://registry.yarnpkg.com/@formatjs/fast-memoize/-/fast-memoize-1.2.0.tgz#1123bfcc5d21d761f15d8b1c32d10e1b6530355d"
  integrity sha512-fObitP9Tlc31SKrPHgkPgQpGo4+4yXfQQITTCNH8AZdEqB7Mq4nPrjpUL/tNGN3lEeJcFxDbi0haX8HM7QvQ8w==
  dependencies:
    tslib "^2.1.0"

"@formatjs/icu-messageformat-parser@2.0.11":
  version "2.0.11"
  resolved "https://registry.yarnpkg.com/@formatjs/icu-messageformat-parser/-/icu-messageformat-parser-2.0.11.tgz#e4ba40b9a8aefc8bccfc96be5906d3bca305b4b3"
  integrity sha512-5mWb8U8aulYGwnDZWrr+vdgn5PilvtrqQYQ1pvpgzQes/osi85TwmL2GqTGLlKIvBKD2XNA61kAqXYY95w4LWg==
  dependencies:
    "@formatjs/ecma402-abstract" "1.9.8"
    "@formatjs/icu-skeleton-parser" "1.2.12"
    tslib "^2.1.0"

"@formatjs/icu-skeleton-parser@1.2.12":
  version "1.2.12"
  resolved "https://registry.yarnpkg.com/@formatjs/icu-skeleton-parser/-/icu-skeleton-parser-1.2.12.tgz#45426eb1448c0c08c931eb9f0672283c0e4d0062"
  integrity sha512-DTFxWmEA02ZNW6fsYjGYSADvtrqqjCYF7DSgCmMfaaE0gLP4pCdAgOPE+lkXXU+jP8iCw/YhMT2Seyk/C5lBWg==
  dependencies:
    "@formatjs/ecma402-abstract" "1.9.8"
    tslib "^2.1.0"

"@formatjs/intl-displaynames@5.2.3":
  version "5.2.3"
  resolved "https://registry.yarnpkg.com/@formatjs/intl-displaynames/-/intl-displaynames-5.2.3.tgz#a0cebc81e89c5414177ade71a2f2388d799ee6e8"
  integrity sha512-5BmhSurLbfgdeo0OBcNPPkIS8ikMMYaHe2NclxEQZqcMvrnQzNMNnUE2dDF5vZx+mkvKq77aQYzpc8RfqVsRCQ==
  dependencies:
    "@formatjs/ecma402-abstract" "1.9.8"
    "@formatjs/intl-localematcher" "0.2.20"
    tslib "^2.1.0"

"@formatjs/intl-listformat@6.3.3":
  version "6.3.3"
  resolved "https://registry.yarnpkg.com/@formatjs/intl-listformat/-/intl-listformat-6.3.3.tgz#0cb83a012c0ae46876e30589a086695298e0fb5c"
  integrity sha512-3nzAKgVS5rePDa5HiH0OwZgAhqxLtzlMc9Pg4QgajRHSP1TqFiMmQnnn52wd3+xVTb7cjZVm3JBnTv51/MhTOg==
  dependencies:
    "@formatjs/ecma402-abstract" "1.9.8"
    "@formatjs/intl-localematcher" "0.2.20"
    tslib "^2.1.0"

"@formatjs/intl-localematcher@0.2.20":
  version "0.2.20"
  resolved "https://registry.yarnpkg.com/@formatjs/intl-localematcher/-/intl-localematcher-0.2.20.tgz#782aef53d1c1b6112ee67468dc59f9b8d1ba7b17"
  integrity sha512-/Ro85goRZnCojzxOegANFYL0LaDIpdPjAukR7xMTjOtRx+3yyjR0ifGTOW3/Kjhmab3t6GnyHBYWZSudxEOxPA==
  dependencies:
    tslib "^2.1.0"

"@formatjs/intl@1.14.1":
  version "1.14.1"
  resolved "https://registry.yarnpkg.com/@formatjs/intl/-/intl-1.14.1.tgz#03e12f7e2cf557defdd1a5aeb1c143efb8cfbc7b"
  integrity sha512-mtL8oBgFwTu0GHFnxaF93fk/zNzNkPzl+27Fwg5AZ88pWHWb7037dpODzoCBnaIVk4FBO5emUn/6jI9Byj8hOw==
  dependencies:
    "@formatjs/ecma402-abstract" "1.9.8"
    "@formatjs/fast-memoize" "1.2.0"
    "@formatjs/icu-messageformat-parser" "2.0.11"
    "@formatjs/intl-displaynames" "5.2.3"
    "@formatjs/intl-listformat" "6.3.3"
    intl-messageformat "9.9.1"
    tslib "^2.1.0"

"@mui/core@5.0.0-alpha.46":
  version "5.0.0-alpha.46"
  resolved "https://registry.yarnpkg.com/@mui/core/-/core-5.0.0-alpha.46.tgz#f4c0e5b2ad346e31e74bb96b684f6734b55cc9e6"
  integrity sha512-LZa0s450YSHv58xlMRIWszE0zsqqTyxgP+l70gUyPvYwCfQErkxsvRjEInKI5GCrYDcr3N+jlKJ5MSRZDvtvig==
  dependencies:
    "@babel/runtime" "^7.14.8"
    "@emotion/is-prop-valid" "^1.1.0"
    "@mui/utils" "5.0.0-rc.1"
    clsx "^1.1.1"
    prop-types "^15.7.2"
    react-is "^17.0.2"

"@mui/icons-material@^5.0.0-rc.1":
  version "5.0.0-rc.1"
  resolved "https://registry.yarnpkg.com/@mui/icons-material/-/icons-material-5.0.0-rc.1.tgz#ffb5ec5195d2bf8105da6a78b7d6b9fc195c8511"
  integrity sha512-w9tfGQaND221fkPaCp70gHg/8f4mk1RYx22YBLtV4wV0SLoI3d4+41DRrqTxeyKB1WIxETDVxaAqeBthrXM6hg==
  dependencies:
    "@babel/runtime" "^7.14.8"

"@mui/lab@^5.0.0-alpha.46":
  version "5.0.0-alpha.46"
  resolved "https://registry.yarnpkg.com/@mui/lab/-/lab-5.0.0-alpha.46.tgz#456403bf1c8a810f052733119b9013778054bdf8"
  integrity sha512-aGgX3GWOOPq7RuxDI4wQMrm+J7q7cvPDLxN1uS85oIZnMrFLTrFZaQlf4x6LQJtFpVTa7LKuhzNU6kLT37BWMg==
  dependencies:
    "@babel/runtime" "^7.14.8"
    "@date-io/date-fns" "^2.10.6"
    "@date-io/dayjs" "^2.10.6"
    "@date-io/luxon" "^2.10.6"
    "@date-io/moment" "^2.10.6"
    "@mui/core" "5.0.0-alpha.46"
    "@mui/system" "5.0.0-rc.1"
    "@mui/utils" "5.0.0-rc.1"
    clsx "^1.1.1"
    prop-types "^15.7.2"
    react-is "^17.0.2"
    react-transition-group "^4.4.1"
    rifm "^0.12.0"

"@mui/material@^5.0.0-rc.1":
  version "5.0.0-rc.1"
  resolved "https://registry.yarnpkg.com/@mui/material/-/material-5.0.0-rc.1.tgz#456218bfeb659dfb17c516ecc03f86013feaf253"
  integrity sha512-23lEM2n0Y8VcFbk7mjNZzbAHDh7wu5P4foe1hDiSJaipBX4ESWnBAwo9exxQbFrDd+l2xtLzaoTmTOVOgkElrA==
  dependencies:
    "@babel/runtime" "^7.14.8"
    "@mui/core" "5.0.0-alpha.46"
    "@mui/system" "5.0.0-rc.1"
    "@mui/types" "7.0.0-rc.1"
    "@mui/utils" "5.0.0-rc.1"
    "@popperjs/core" "^2.4.4"
    "@types/react-transition-group" "^4.2.0"
    clsx "^1.1.1"
    csstype "^3.0.8"
    hoist-non-react-statics "^3.3.2"
    prop-types "^15.7.2"
    react-is "^17.0.2"
    react-transition-group "^4.4.0"

"@mui/private-theming@5.0.0-rc.1":
  version "5.0.0-rc.1"
  resolved "https://registry.yarnpkg.com/@mui/private-theming/-/private-theming-5.0.0-rc.1.tgz#eab6d20db119b6f2176d76ed725f53b9ebc12e97"
  integrity sha512-dibj1bc+tX4+sKOhSAYoJVndk7MAVZkYLKRa3E3GDObDe5I/YOv0fS8cvfB3sTFiQWxbdKj//p2QJtos6o83NQ==
  dependencies:
    "@babel/runtime" "^7.14.8"
    "@mui/utils" "5.0.0-rc.1"
    prop-types "^15.7.2"

"@mui/styled-engine@5.0.0-rc.1":
  version "5.0.0-rc.1"
  resolved "https://registry.yarnpkg.com/@mui/styled-engine/-/styled-engine-5.0.0-rc.1.tgz#8a0c68e88868c42944042e01e28a0d11b6caf756"
  integrity sha512-cYK3oGHzriPqULPSy5iitupk6JbvvwVqBC1n1gxISZzm7wEsBx0hDCDhh7tgCa1B7CXdl0Ntl27PXJjtukoo/A==
  dependencies:
    "@babel/runtime" "^7.14.8"
    "@emotion/cache" "^11.4.0"
    prop-types "^15.7.2"

"@mui/system@5.0.0-rc.1":
  version "5.0.0-rc.1"
  resolved "https://registry.yarnpkg.com/@mui/system/-/system-5.0.0-rc.1.tgz#24c99469b48c350802929f6097f671742be9a7f1"
  integrity sha512-c+esT+9wZR5aNcssMHg5Wm19VdX+uyhNLLTzqAg8oW36LBeIMTfiN18GShcxnFV3faje78Nr3BhmMFn9yBunMA==
  dependencies:
    "@babel/runtime" "^7.14.8"
    "@mui/private-theming" "5.0.0-rc.1"
    "@mui/styled-engine" "5.0.0-rc.1"
    "@mui/types" "7.0.0-rc.1"
    "@mui/utils" "5.0.0-rc.1"
    clsx "^1.1.1"
    csstype "^3.0.8"
    prop-types "^15.7.2"

"@mui/types@7.0.0-rc.1":
  version "7.0.0-rc.1"
  resolved "https://registry.yarnpkg.com/@mui/types/-/types-7.0.0-rc.1.tgz#276090e2cd062a5e9241cf8d4ad795a4ee10eb03"
  integrity sha512-4vYFVi8ExcC7EEuk5melw/XPG2DVPeXI/HUYnQj+3t5NESpdvLJhbbvmHH366ZWAhXR2FechYWo/cQfGIsSG8Q==

"@mui/utils@5.0.0-rc.1":
  version "5.0.0-rc.1"
  resolved "https://registry.yarnpkg.com/@mui/utils/-/utils-5.0.0-rc.1.tgz#8427d1117a380b8c861be9a6bbf51075e776cd63"
  integrity sha512-FSh/zaZqfzz0Iz7/RHb2ajA/q6dfFKeNIXZCl7sZeYq9L1u8GR4IHi4n1MphLiJTco02XBw3KwME9Bqmk73LEQ==
  dependencies:
    "@babel/runtime" "^7.14.8"
    "@types/prop-types" "^15.7.4"
    "@types/react-is" "^16.7.1 || ^17.0.0"
    prop-types "^15.7.2"
    react-is "^17.0.2"

"@popperjs/core@^2.4.4":
  version "2.9.2"
  resolved "https://registry.yarnpkg.com/@popperjs/core/-/core-2.9.2.tgz#adea7b6953cbb34651766b0548468e743c6a2353"
  integrity sha512-VZMYa7+fXHdwIq1TDhSXoVmSPEGM/aa+6Aiq3nVVJ9bXr24zScr+NlKFKC3iPljA7ho/GAZr+d2jOf5GIRC30Q==

"@types/debug@^4.0.0":
  version "4.1.7"
  resolved "https://registry.yarnpkg.com/@types/debug/-/debug-4.1.7.tgz#7cc0ea761509124709b8b2d1090d8f6c17aadb82"
  integrity sha512-9AonUzyTjXXhEOa0DnqpzZi6VHlqKMswga9EXjpXnnqxwLtdvPPtlO8evrI5D9S6asFRCQ6v+wpiUKbw+vKqyg==
  dependencies:
    "@types/ms" "*"

"@types/hast@^2.0.0":
  version "2.3.4"
  resolved "https://registry.yarnpkg.com/@types/hast/-/hast-2.3.4.tgz#8aa5ef92c117d20d974a82bdfb6a648b08c0bafc"
  integrity sha512-wLEm0QvaoawEDoTRwzTXp4b4jpwiJDvR5KMnFnVodm3scufTlBOWRD6N1OBf9TZMhjlNsSfcO5V+7AF4+Vy+9g==
  dependencies:
    "@types/unist" "*"

"@types/hoist-non-react-statics@^3.3.1":
  version "3.3.1"
  resolved "https://registry.yarnpkg.com/@types/hoist-non-react-statics/-/hoist-non-react-statics-3.3.1.tgz#1124aafe5118cb591977aeb1ceaaed1070eb039f"
  integrity sha512-iMIqiko6ooLrTh1joXodJK5X9xeEALT1kM5G3ZLhD3hszxBdIEd5C75U834D9mLcINgD4OyZf5uQXjkuYydWvA==
  dependencies:
    "@types/react" "*"
    hoist-non-react-statics "^3.3.0"

"@types/mdast@^3.0.0":
  version "3.0.10"
  resolved "https://registry.yarnpkg.com/@types/mdast/-/mdast-3.0.10.tgz#4724244a82a4598884cbbe9bcfd73dff927ee8af"
  integrity sha512-W864tg/Osz1+9f4lrGTZpCSO5/z4608eUp19tbozkq2HJK6i3z1kT0H9tlADXuYIb1YYOBByU4Jsqkk75q48qA==
  dependencies:
    "@types/unist" "*"

"@types/mdurl@^1.0.0":
  version "1.0.2"
  resolved "https://registry.yarnpkg.com/@types/mdurl/-/mdurl-1.0.2.tgz#e2ce9d83a613bacf284c7be7d491945e39e1f8e9"
  integrity sha512-eC4U9MlIcu2q0KQmXszyn5Akca/0jrQmwDRgpAMJai7qBWq4amIQhZyNau4VYGtCeALvW1/NtjzJJ567aZxfKA==

"@types/ms@*":
  version "0.7.31"
  resolved "https://registry.yarnpkg.com/@types/ms/-/ms-0.7.31.tgz#31b7ca6407128a3d2bbc27fe2d21b345397f6197"
  integrity sha512-iiUgKzV9AuaEkZqkOLDIvlQiL6ltuZd9tGcW3gwpnX8JbuiuhFlEGmmFXEXkN50Cvq7Os88IY2v0dkDqXYWVgA==

"@types/prop-types@*", "@types/prop-types@^15.7.4":
  version "15.7.4"
  resolved "https://registry.yarnpkg.com/@types/prop-types/-/prop-types-15.7.4.tgz#fcf7205c25dff795ee79af1e30da2c9790808f11"
  integrity sha512-rZ5drC/jWjrArrS8BR6SIr4cWpW09RNTYt9AMZo3Jwwif+iacXAqgVjm0B0Bv/S1jhDXKHqRVNCbACkJ89RAnQ==

"@types/react-dom@^17.0.9":
  version "17.0.9"
  resolved "https://registry.yarnpkg.com/@types/react-dom/-/react-dom-17.0.9.tgz#441a981da9d7be117042e1a6fd3dac4b30f55add"
  integrity sha512-wIvGxLfgpVDSAMH5utdL9Ngm5Owu0VsGmldro3ORLXV8CShrL8awVj06NuEXFQ5xyaYfdca7Sgbk/50Ri1GdPg==
  dependencies:
    "@types/react" "*"

"@types/react-is@^16.7.1 || ^17.0.0":
  version "17.0.2"
  resolved "https://registry.yarnpkg.com/@types/react-is/-/react-is-17.0.2.tgz#abc4d910bff5b0bc6b3e1bec57575f6b63fd4e05"
  integrity sha512-2+L0ilcAEG8udkDnvx8B0upwXFBbNnVwOsSCTxW3SDOkmar9NyEeLG0ZLa3uOEw9zyYf/fQapcnfXAVmDKlyHw==
  dependencies:
    "@types/react" "*"

"@types/react-transition-group@^4.2.0":
  version "4.4.2"
  resolved "https://registry.yarnpkg.com/@types/react-transition-group/-/react-transition-group-4.4.2.tgz#38890fd9db68bf1f2252b99a942998dc7877c5b3"
  integrity sha512-KibDWL6nshuOJ0fu8ll7QnV/LVTo3PzQ9aCPnRUYPfX7eZohHwLIdNHj7pftanREzHNP4/nJa8oeM73uSiavMQ==
  dependencies:
    "@types/react" "*"

"@types/react@*":
  version "17.0.14"
  resolved "https://registry.yarnpkg.com/@types/react/-/react-17.0.14.tgz#f0629761ca02945c4e8fea99b8177f4c5c61fb0f"
  integrity sha512-0WwKHUbWuQWOce61UexYuWTGuGY/8JvtUe/dtQ6lR4sZ3UiylHotJeWpf3ArP9+DSGUoLY3wbU59VyMrJps5VQ==
  dependencies:
    "@types/prop-types" "*"
    "@types/scheduler" "*"
    csstype "^3.0.2"

"@types/react@17", "@types/react@^17.0.20":
  version "17.0.20"
  resolved "https://registry.yarnpkg.com/@types/react/-/react-17.0.20.tgz#a4284b184d47975c71658cd69e759b6bd37c3b8c"
  integrity sha512-wWZrPlihslrPpcKyCSlmIlruakxr57/buQN1RjlIeaaTWDLtJkTtRW429MoQJergvVKc4IWBpRhWw7YNh/7GVA==
  dependencies:
    "@types/prop-types" "*"
    "@types/scheduler" "*"
    csstype "^3.0.2"

"@types/scheduler@*":
  version "0.16.2"
  resolved "https://registry.yarnpkg.com/@types/scheduler/-/scheduler-0.16.2.tgz#1a62f89525723dde24ba1b01b092bf5df8ad4d39"
  integrity sha512-hppQEBDmlwhFAXKJX2KnWLYu5yMfi91yazPb2l+lbJiwW+wdo1gNeRA+3RgNSO39WYX2euey41KEwnqesU2Jew==

"@types/unist@*", "@types/unist@^2.0.0":
  version "2.0.6"
  resolved "https://registry.yarnpkg.com/@types/unist/-/unist-2.0.6.tgz#250a7b16c3b91f672a24552ec64678eeb1d3a08d"
  integrity sha512-PBjIUxZHOuj0R15/xuwJYjFi+KZdNFrehocChv4g5hu6aFroHue8m0lBP0POdK2nKzbw0cgV1mws8+V/JAcEkQ==

bail@^2.0.0:
  version "2.0.1"
  resolved "https://registry.yarnpkg.com/bail/-/bail-2.0.1.tgz#d676736373a374058a935aec81b94c12ba815771"
  integrity sha512-d5FoTAr2S5DSUPKl85WNm2yUwsINN8eidIdIwsOge2t33DaOfOdSmmsI11jMN3GmALCXaw+Y6HMVHDzePshFAA==

character-entities-legacy@^2.0.0:
  version "2.0.0"
  resolved "https://registry.yarnpkg.com/character-entities-legacy/-/character-entities-legacy-2.0.0.tgz#57f4d00974c696e8f74e9f493e7fcb75b44d7ee7"
  integrity sha512-YwaEtEvWLpFa6Wh3uVLrvirA/ahr9fki/NUd/Bd4OR6EdJ8D22hovYQEOUCBfQfcqnC4IAMGMsHXY1eXgL4ZZA==

character-entities@^2.0.0:
  version "2.0.0"
  resolved "https://registry.yarnpkg.com/character-entities/-/character-entities-2.0.0.tgz#508355fcc8c73893e0909efc1a44d28da2b6fdf3"
  integrity sha512-oHqMj3eAuJ77/P5PaIRcqk+C3hdfNwyCD2DAUcD5gyXkegAuF2USC40CEqPscDk4I8FRGMTojGJQkXDsN5QlJA==

character-reference-invalid@^2.0.0:
  version "2.0.0"
  resolved "https://registry.yarnpkg.com/character-reference-invalid/-/character-reference-invalid-2.0.0.tgz#a0bdeb89c051fe7ed5d3158b2f06af06984f2813"
  integrity sha512-pE3Z15lLRxDzWJy7bBHBopRwfI20sbrMVLQTC7xsPglCHf4Wv1e167OgYAFP78co2XlhojDyAqA+IAJse27//g==

clsx@^1.1.1:
  version "1.1.1"
  resolved "https://registry.yarnpkg.com/clsx/-/clsx-1.1.1.tgz#98b3134f9abbdf23b2663491ace13c5c03a73188"
  integrity sha512-6/bPho624p3S2pMyvP5kKBPXnI3ufHLObBFCfgx+LkeR5lg2XYy2hqZqUf45ypD8COn2bhgGJSUE+l5dhNBieA==

comma-separated-tokens@^2.0.0:
  version "2.0.2"
  resolved "https://registry.yarnpkg.com/comma-separated-tokens/-/comma-separated-tokens-2.0.2.tgz#d4c25abb679b7751c880be623c1179780fe1dd98"
  integrity sha512-G5yTt3KQN4Yn7Yk4ed73hlZ1evrFKXeUW3086p3PRFNp7m2vIjI6Pg+Kgb+oyzhd9F2qdcoj67+y3SdxL5XWsg==

csstype@^3.0.2, csstype@^3.0.8:
  version "3.0.8"
  resolved "https://registry.yarnpkg.com/csstype/-/csstype-3.0.8.tgz#d2266a792729fb227cd216fb572f43728e1ad340"
  integrity sha512-jXKhWqXPmlUeoQnF/EhTtTl4C9SnrxSH/jZUih3jmO6lBKr99rP3/+FmrMj4EFpOXzMtXHAZkd3x0E6h6Fgflw==

date-fns@^2.0.0:
  version "2.23.0"
  resolved "https://registry.yarnpkg.com/date-fns/-/date-fns-2.23.0.tgz#4e886c941659af0cf7b30fafdd1eaa37e88788a9"
  integrity sha512-5ycpauovVyAk0kXNZz6ZoB9AYMZB4DObse7P3BPWmyEjXNORTI8EJ6X0uaSAq4sCHzM1uajzrkr6HnsLQpxGXA==

debug@^4.0.0:
  version "4.3.2"
  resolved "https://registry.yarnpkg.com/debug/-/debug-4.3.2.tgz#f0a49c18ac8779e31d4a0c6029dfb76873c7428b"
  integrity sha512-mOp8wKcvj7XxC78zLgw/ZA+6TSgkoE2C/ienthhRD298T7UNwAg9diBpLRxC0mOezLl4B0xV7M0cCO6P/O0Xhw==
  dependencies:
    ms "2.1.2"

dom-helpers@^5.0.1:
  version "5.2.1"
  resolved "https://registry.yarnpkg.com/dom-helpers/-/dom-helpers-5.2.1.tgz#d9400536b2bf8225ad98fe052e029451ac40e902"
  integrity sha512-nRCa7CK3VTrM2NmGkIy4cbK7IZlgBE/PYMn55rrXefr5xXDP0LdtfPnblFDoVdcAfslJ7or6iqAUnx0CCGIWQA==
  dependencies:
    "@babel/runtime" "^7.8.7"
    csstype "^3.0.2"

extend@^3.0.0:
  version "3.0.2"
  resolved "https://registry.yarnpkg.com/extend/-/extend-3.0.2.tgz#f8b1136b4071fbd8eb140aff858b1019ec2915fa"
  integrity sha512-fjquC59cD7CyW6urNXK0FBufkZcoiGG80wTuPujX590cB5Ttln20E2UB4S/WARVqhXffZl2LNgS+gQdPIIim/g==

hoist-non-react-statics@^3.3.0, hoist-non-react-statics@^3.3.2:
  version "3.3.2"
  resolved "https://registry.yarnpkg.com/hoist-non-react-statics/-/hoist-non-react-statics-3.3.2.tgz#ece0acaf71d62c2969c2ec59feff42a4b1a85b45"
  integrity sha512-/gGivxi8JPKWNm/W0jSmzcMPpfpPLc3dY/6GxhX2hQ9iGj3aDfklV4ET7NjKpSinLpJ5vafa9iiGIEZg10SfBw==
  dependencies:
    react-is "^16.7.0"

immer@^9.0.1:
  version "9.0.5"
  resolved "https://registry.yarnpkg.com/immer/-/immer-9.0.5.tgz#a7154f34fe7064f15f00554cc94c66cc0bf453ec"
  integrity sha512-2WuIehr2y4lmYz9gaQzetPR2ECniCifk4ORaQbU3g5EalLt+0IVTosEPJ5BoYl/75ky2mivzdRzV8wWgQGOSYQ==

inline-style-parser@0.1.1:
  version "0.1.1"
  resolved "https://registry.yarnpkg.com/inline-style-parser/-/inline-style-parser-0.1.1.tgz#ec8a3b429274e9c0a1f1c4ffa9453a7fef72cea1"
  integrity sha512-7NXolsK4CAS5+xvdj5OMMbI962hU/wvwoxk+LWR9Ek9bVtyuuYScDN6eS0rUm6TxApFpw7CX1o4uJzcd4AyD3Q==

intl-messageformat@9.9.1:
  version "9.9.1"
  resolved "https://registry.yarnpkg.com/intl-messageformat/-/intl-messageformat-9.9.1.tgz#255d453b0656b4f7e741f31d2b4a95bf2adfe064"
  integrity sha512-cuzS/XKHn//hvKka77JKU2dseiVY2dofQjIOZv6ZFxFt4Z9sPXnZ7KQ9Ak2r+4XBCjI04MqJ1PhKs/3X22AkfA==
  dependencies:
    "@formatjs/fast-memoize" "1.2.0"
    "@formatjs/icu-messageformat-parser" "2.0.11"
    tslib "^2.1.0"

is-alphabetical@^2.0.0:
  version "2.0.0"
  resolved "https://registry.yarnpkg.com/is-alphabetical/-/is-alphabetical-2.0.0.tgz#ef6e2caea57c63450fffc7abb6cbdafc5eb96e96"
  integrity sha512-5OV8Toyq3oh4eq6sbWTYzlGdnMT/DPI5I0zxUBxjiigQsZycpkKF3kskkao3JyYGuYDHvhgJF+DrjMQp9SX86w==

is-alphanumerical@^2.0.0:
  version "2.0.0"
  resolved "https://registry.yarnpkg.com/is-alphanumerical/-/is-alphanumerical-2.0.0.tgz#0fbfeb6a72d21d91143b3d182bf6cf5909ee66f6"
  integrity sha512-t+2GlJ+hO9yagJ+jU3+HSh80VKvz/3cG2cxbGGm4S0hjKuhWQXgPVUVOZz3tqZzMjhmphZ+1TIJTlRZRoe6GCQ==
  dependencies:
    is-alphabetical "^2.0.0"
    is-decimal "^2.0.0"

is-buffer@^2.0.0:
  version "2.0.5"
  resolved "https://registry.yarnpkg.com/is-buffer/-/is-buffer-2.0.5.tgz#ebc252e400d22ff8d77fa09888821a24a658c191"
  integrity sha512-i2R6zNFDwgEHJyQUtJEk0XFi1i0dPFn/oqjK3/vPCcDeJvW5NQ83V8QbicfF1SupOaB0h8ntgBC2YiE7dfyctQ==

is-decimal@^2.0.0:
  version "2.0.0"
  resolved "https://registry.yarnpkg.com/is-decimal/-/is-decimal-2.0.0.tgz#db1140337809fd043a056ae40a9bd1cdc563034c"
  integrity sha512-QfrfjQV0LjoWQ1K1XSoEZkTAzSa14RKVMa5zg3SdAfzEmQzRM4+tbSFWb78creCeA9rNBzaZal92opi1TwPWZw==

is-hexadecimal@^2.0.0:
  version "2.0.0"
  resolved "https://registry.yarnpkg.com/is-hexadecimal/-/is-hexadecimal-2.0.0.tgz#8e1ec9f48fe3eabd90161109856a23e0907a65d5"
  integrity sha512-vGOtYkiaxwIiR0+Ng/zNId+ZZehGfINwTzdrDqc6iubbnQWhnPuYymOzOKUDqa2cSl59yHnEh2h6MvRLQsyNug==

is-plain-obj@^4.0.0:
  version "4.0.0"
  resolved "https://registry.yarnpkg.com/is-plain-obj/-/is-plain-obj-4.0.0.tgz#06c0999fd7574edf5a906ba5644ad0feb3a84d22"
  integrity sha512-NXRbBtUdBioI73y/HmOhogw/U5msYPC9DAtGkJXeFcFWSFZw0mCUsPxk/snTuJHzNKA8kLBK4rH97RMB1BfCXw==

"js-tokens@^3.0.0 || ^4.0.0":
  version "4.0.0"
  resolved "https://registry.yarnpkg.com/js-tokens/-/js-tokens-4.0.0.tgz#19203fb59991df98e3a287050d4647cdeaf32499"
  integrity sha512-RdJUflcE3cUzKiMqQgsCu06FPu9UdIJO0beYbPhHN4k6apgJtifcoCtT9bcxOpYBtpD2kCM6Sbzg4CausW/PKQ==

loose-envify@^1.1.0, loose-envify@^1.4.0:
  version "1.4.0"
  resolved "https://registry.yarnpkg.com/loose-envify/-/loose-envify-1.4.0.tgz#71ee51fa7be4caec1a63839f7e682d8132d30caf"
  integrity sha512-lyuxPGr/Wfhrlem2CL/UcnUc1zcqKAImBDzukY7Y5F/yQiNdko6+fRLevlw1HgMySw7f611UIY408EtxRSoK3Q==
  dependencies:
    js-tokens "^3.0.0 || ^4.0.0"

mdast-util-definitions@^5.0.0:
  version "5.1.0"
  resolved "https://registry.yarnpkg.com/mdast-util-definitions/-/mdast-util-definitions-5.1.0.tgz#b6d10ef00a3c4cf191e8d9a5fa58d7f4a366f817"
  integrity sha512-5hcR7FL2EuZ4q6lLMUK5w4lHT2H3vqL9quPvYZ/Ku5iifrirfMHiGdhxdXMUbUkDmz5I+TYMd7nbaxUhbQkfpQ==
  dependencies:
    "@types/mdast" "^3.0.0"
    "@types/unist" "^2.0.0"
    unist-util-visit "^3.0.0"

mdast-util-from-markdown@^1.0.0:
  version "1.0.0"
  resolved "https://registry.yarnpkg.com/mdast-util-from-markdown/-/mdast-util-from-markdown-1.0.0.tgz#c517313cd999ec2b8f6d447b438c5a9d500b89c9"
  integrity sha512-uj2G60sb7z1PNOeElFwCC9b/Se/lFXuLhVKFOAY2EHz/VvgbupTQRNXPoZl7rGpXYL6BNZgcgaybrlSWbo7n/g==
  dependencies:
    "@types/mdast" "^3.0.0"
    "@types/unist" "^2.0.0"
    mdast-util-to-string "^3.0.0"
    micromark "^3.0.0"
    micromark-util-decode-numeric-character-reference "^1.0.0"
    micromark-util-normalize-identifier "^1.0.0"
    micromark-util-symbol "^1.0.0"
    micromark-util-types "^1.0.0"
    parse-entities "^3.0.0"
    unist-util-stringify-position "^3.0.0"

mdast-util-to-hast@^11.0.0:
  version "11.2.0"
  resolved "https://registry.yarnpkg.com/mdast-util-to-hast/-/mdast-util-to-hast-11.2.0.tgz#54d76f1539be21a6559b2aa36e97bb07d2ab43ab"
  integrity sha512-KSYbg4PA9wk5YwoCZCPxbUAjdYunNN5TqTXoZp/9taRDGQS65cL2fFgKc78l0f3deg4p1LP9xdhmMuUrhAUSZA==
  dependencies:
    "@types/hast" "^2.0.0"
    "@types/mdast" "^3.0.0"
    "@types/mdurl" "^1.0.0"
    mdast-util-definitions "^5.0.0"
    mdurl "^1.0.0"
    unist-builder "^3.0.0"
    unist-util-generated "^2.0.0"
    unist-util-position "^4.0.0"
    unist-util-visit "^3.0.0"

mdast-util-to-string@^3.0.0:
  version "3.1.0"
  resolved "https://registry.yarnpkg.com/mdast-util-to-string/-/mdast-util-to-string-3.1.0.tgz#56c506d065fbf769515235e577b5a261552d56e9"
  integrity sha512-n4Vypz/DZgwo0iMHLQL49dJzlp7YtAJP+N07MZHpjPf/5XJuHUWstviF4Mn2jEiR/GNmtnRRqnwsXExk3igfFA==

mdurl@^1.0.0:
  version "1.0.1"
  resolved "https://registry.yarnpkg.com/mdurl/-/mdurl-1.0.1.tgz#fe85b2ec75a59037f2adfec100fd6c601761152e"
  integrity sha1-/oWy7HWlkDfyrf7BAP1sYBdhFS4=

micromark-core-commonmark@^1.0.1:
  version "1.0.1"
  resolved "https://registry.yarnpkg.com/micromark-core-commonmark/-/micromark-core-commonmark-1.0.1.tgz#a64987cafe872e8b80bc8f2352a5d988586ac4f1"
  integrity sha512-vEOw8hcQ3nwHkKKNIyP9wBi8M50zjNajtmI+cCUWcVfJS+v5/3WCh4PLKf7PPRZFUutjzl4ZjlHwBWUKfb/SkA==
  dependencies:
    micromark-factory-destination "^1.0.0"
    micromark-factory-label "^1.0.0"
    micromark-factory-space "^1.0.0"
    micromark-factory-title "^1.0.0"
    micromark-factory-whitespace "^1.0.0"
    micromark-util-character "^1.0.0"
    micromark-util-chunked "^1.0.0"
    micromark-util-classify-character "^1.0.0"
    micromark-util-html-tag-name "^1.0.0"
    micromark-util-normalize-identifier "^1.0.0"
    micromark-util-resolve-all "^1.0.0"
    micromark-util-subtokenize "^1.0.0"
    micromark-util-symbol "^1.0.0"
    micromark-util-types "^1.0.1"
    parse-entities "^3.0.0"

micromark-factory-destination@^1.0.0:
  version "1.0.0"
  resolved "https://registry.yarnpkg.com/micromark-factory-destination/-/micromark-factory-destination-1.0.0.tgz#fef1cb59ad4997c496f887b6977aa3034a5a277e"
  integrity sha512-eUBA7Rs1/xtTVun9TmV3gjfPz2wEwgK5R5xcbIM5ZYAtvGF6JkyaDsj0agx8urXnO31tEO6Ug83iVH3tdedLnw==
  dependencies:
    micromark-util-character "^1.0.0"
    micromark-util-symbol "^1.0.0"
    micromark-util-types "^1.0.0"

micromark-factory-label@^1.0.0:
  version "1.0.0"
  resolved "https://registry.yarnpkg.com/micromark-factory-label/-/micromark-factory-label-1.0.0.tgz#b316ec479b474232973ff13b49b576f84a6f2cbb"
  integrity sha512-XWEucVZb+qBCe2jmlOnWr6sWSY6NHx+wtpgYFsm4G+dufOf6tTQRRo0bdO7XSlGPu5fyjpJenth6Ksnc5Mwfww==
  dependencies:
    micromark-util-character "^1.0.0"
    micromark-util-symbol "^1.0.0"
    micromark-util-types "^1.0.0"

micromark-factory-space@^1.0.0:
  version "1.0.0"
  resolved "https://registry.yarnpkg.com/micromark-factory-space/-/micromark-factory-space-1.0.0.tgz#cebff49968f2b9616c0fcb239e96685cb9497633"
  integrity sha512-qUmqs4kj9a5yBnk3JMLyjtWYN6Mzfcx8uJfi5XAveBniDevmZasdGBba5b4QsvRcAkmvGo5ACmSUmyGiKTLZew==
  dependencies:
    micromark-util-character "^1.0.0"
    micromark-util-types "^1.0.0"

micromark-factory-title@^1.0.0:
  version "1.0.0"
  resolved "https://registry.yarnpkg.com/micromark-factory-title/-/micromark-factory-title-1.0.0.tgz#708f7a8044f34a898c0efdb4f55e4da66b537273"
  integrity sha512-flvC7Gx0dWVWorXuBl09Cr3wB5FTuYec8pMGVySIp2ZlqTcIjN/lFohZcP0EG//krTptm34kozHk7aK/CleCfA==
  dependencies:
    micromark-factory-space "^1.0.0"
    micromark-util-character "^1.0.0"
    micromark-util-symbol "^1.0.0"
    micromark-util-types "^1.0.0"

micromark-factory-whitespace@^1.0.0:
  version "1.0.0"
  resolved "https://registry.yarnpkg.com/micromark-factory-whitespace/-/micromark-factory-whitespace-1.0.0.tgz#e991e043ad376c1ba52f4e49858ce0794678621c"
  integrity sha512-Qx7uEyahU1lt1RnsECBiuEbfr9INjQTGa6Err+gF3g0Tx4YEviPbqqGKNv/NrBaE7dVHdn1bVZKM/n5I/Bak7A==
  dependencies:
    micromark-factory-space "^1.0.0"
    micromark-util-character "^1.0.0"
    micromark-util-symbol "^1.0.0"
    micromark-util-types "^1.0.0"

micromark-util-character@^1.0.0:
  version "1.1.0"
  resolved "https://registry.yarnpkg.com/micromark-util-character/-/micromark-util-character-1.1.0.tgz#d97c54d5742a0d9611a68ca0cd4124331f264d86"
  integrity sha512-agJ5B3unGNJ9rJvADMJ5ZiYjBRyDpzKAOk01Kpi1TKhlT1APx3XZk6eN7RtSz1erbWHC2L8T3xLZ81wdtGRZzg==
  dependencies:
    micromark-util-symbol "^1.0.0"
    micromark-util-types "^1.0.0"

micromark-util-chunked@^1.0.0:
  version "1.0.0"
  resolved "https://registry.yarnpkg.com/micromark-util-chunked/-/micromark-util-chunked-1.0.0.tgz#5b40d83f3d53b84c4c6bce30ed4257e9a4c79d06"
  integrity sha512-5e8xTis5tEZKgesfbQMKRCyzvffRRUX+lK/y+DvsMFdabAicPkkZV6gO+FEWi9RfuKKoxxPwNL+dFF0SMImc1g==
  dependencies:
    micromark-util-symbol "^1.0.0"

micromark-util-classify-character@^1.0.0:
  version "1.0.0"
  resolved "https://registry.yarnpkg.com/micromark-util-classify-character/-/micromark-util-classify-character-1.0.0.tgz#cbd7b447cb79ee6997dd274a46fc4eb806460a20"
  integrity sha512-F8oW2KKrQRb3vS5ud5HIqBVkCqQi224Nm55o5wYLzY/9PwHGXC01tr3d7+TqHHz6zrKQ72Okwtvm/xQm6OVNZA==
  dependencies:
    micromark-util-character "^1.0.0"
    micromark-util-symbol "^1.0.0"
    micromark-util-types "^1.0.0"

micromark-util-combine-extensions@^1.0.0:
  version "1.0.0"
  resolved "https://registry.yarnpkg.com/micromark-util-combine-extensions/-/micromark-util-combine-extensions-1.0.0.tgz#91418e1e74fb893e3628b8d496085639124ff3d5"
  integrity sha512-J8H058vFBdo/6+AsjHp2NF7AJ02SZtWaVUjsayNFeAiydTxUwViQPxN0Hf8dp4FmCQi0UUFovFsEyRSUmFH3MA==
  dependencies:
    micromark-util-chunked "^1.0.0"
    micromark-util-types "^1.0.0"

micromark-util-decode-numeric-character-reference@^1.0.0:
  version "1.0.0"
  resolved "https://registry.yarnpkg.com/micromark-util-decode-numeric-character-reference/-/micromark-util-decode-numeric-character-reference-1.0.0.tgz#dcc85f13b5bd93ff8d2868c3dba28039d490b946"
  integrity sha512-OzO9AI5VUtrTD7KSdagf4MWgHMtET17Ua1fIpXTpuhclCqD8egFWo85GxSGvxgkGS74bEahvtM0WP0HjvV0e4w==
  dependencies:
    micromark-util-symbol "^1.0.0"

micromark-util-encode@^1.0.0:
  version "1.0.0"
  resolved "https://registry.yarnpkg.com/micromark-util-encode/-/micromark-util-encode-1.0.0.tgz#c409ecf751a28aa9564b599db35640fccec4c068"
  integrity sha512-cJpFVM768h6zkd8qJ1LNRrITfY4gwFt+tziPcIf71Ui8yFzY9wG3snZQqiWVq93PG4Sw6YOtcNiKJfVIs9qfGg==

micromark-util-html-tag-name@^1.0.0:
  version "1.0.0"
  resolved "https://registry.yarnpkg.com/micromark-util-html-tag-name/-/micromark-util-html-tag-name-1.0.0.tgz#75737e92fef50af0c6212bd309bc5cb8dbd489ed"
  integrity sha512-NenEKIshW2ZI/ERv9HtFNsrn3llSPZtY337LID/24WeLqMzeZhBEE6BQ0vS2ZBjshm5n40chKtJ3qjAbVV8S0g==

micromark-util-normalize-identifier@^1.0.0:
  version "1.0.0"
  resolved "https://registry.yarnpkg.com/micromark-util-normalize-identifier/-/micromark-util-normalize-identifier-1.0.0.tgz#4a3539cb8db954bbec5203952bfe8cedadae7828"
  integrity sha512-yg+zrL14bBTFrQ7n35CmByWUTFsgst5JhA4gJYoty4Dqzj4Z4Fr/DHekSS5aLfH9bdlfnSvKAWsAgJhIbogyBg==
  dependencies:
    micromark-util-symbol "^1.0.0"

micromark-util-resolve-all@^1.0.0:
  version "1.0.0"
  resolved "https://registry.yarnpkg.com/micromark-util-resolve-all/-/micromark-util-resolve-all-1.0.0.tgz#a7c363f49a0162e931960c44f3127ab58f031d88"
  integrity sha512-CB/AGk98u50k42kvgaMM94wzBqozSzDDaonKU7P7jwQIuH2RU0TeBqGYJz2WY1UdihhjweivStrJ2JdkdEmcfw==
  dependencies:
    micromark-util-types "^1.0.0"

micromark-util-sanitize-uri@^1.0.0:
  version "1.0.0"
  resolved "https://registry.yarnpkg.com/micromark-util-sanitize-uri/-/micromark-util-sanitize-uri-1.0.0.tgz#27dc875397cd15102274c6c6da5585d34d4f12b2"
  integrity sha512-cCxvBKlmac4rxCGx6ejlIviRaMKZc0fWm5HdCHEeDWRSkn44l6NdYVRyU+0nT1XC72EQJMZV8IPHF+jTr56lAg==
  dependencies:
    micromark-util-character "^1.0.0"
    micromark-util-encode "^1.0.0"
    micromark-util-symbol "^1.0.0"

micromark-util-subtokenize@^1.0.0:
  version "1.0.0"
  resolved "https://registry.yarnpkg.com/micromark-util-subtokenize/-/micromark-util-subtokenize-1.0.0.tgz#6f006fa719af92776c75a264daaede0fb3943c6a"
  integrity sha512-EsnG2qscmcN5XhkqQBZni/4oQbLFjz9yk3ZM/P8a3YUjwV6+6On2wehr1ALx0MxK3+XXXLTzuBKHDFeDFYRdgQ==
  dependencies:
    micromark-util-chunked "^1.0.0"
    micromark-util-symbol "^1.0.0"
    micromark-util-types "^1.0.0"

micromark-util-symbol@^1.0.0:
  version "1.0.0"
  resolved "https://registry.yarnpkg.com/micromark-util-symbol/-/micromark-util-symbol-1.0.0.tgz#91cdbcc9b2a827c0129a177d36241bcd3ccaa34d"
  integrity sha512-NZA01jHRNCt4KlOROn8/bGi6vvpEmlXld7EHcRH+aYWUfL3Wc8JLUNNlqUMKa0hhz6GrpUWsHtzPmKof57v0gQ==

micromark-util-types@^1.0.0, micromark-util-types@^1.0.1:
  version "1.0.1"
  resolved "https://registry.yarnpkg.com/micromark-util-types/-/micromark-util-types-1.0.1.tgz#8bb8a092d93d326bd29fe29602799f2d0d922fd4"
  integrity sha512-UT0ylWEEy80RFYzK9pEaugTqaxoD/j0Y9WhHpSyitxd99zjoQz7JJ+iKuhPAgOW2MiPSUAx+c09dcqokeyaROA==

micromark@^3.0.0:
  version "3.0.5"
  resolved "https://registry.yarnpkg.com/micromark/-/micromark-3.0.5.tgz#d24792c8a06f201d5608c106dbfadef34c299684"
  integrity sha512-QfjERBnPw0G9mxhOCkkbRP0n8SX8lIBLrEKeEVceviUukqVMv3hWE4AgNTOK/W6GWqtPvvIHg2Apl3j1Dxm6aQ==
  dependencies:
    "@types/debug" "^4.0.0"
    debug "^4.0.0"
    micromark-core-commonmark "^1.0.1"
    micromark-factory-space "^1.0.0"
    micromark-util-character "^1.0.0"
    micromark-util-chunked "^1.0.0"
    micromark-util-combine-extensions "^1.0.0"
    micromark-util-decode-numeric-character-reference "^1.0.0"
    micromark-util-encode "^1.0.0"
    micromark-util-normalize-identifier "^1.0.0"
    micromark-util-resolve-all "^1.0.0"
    micromark-util-sanitize-uri "^1.0.0"
    micromark-util-subtokenize "^1.0.0"
    micromark-util-symbol "^1.0.0"
    micromark-util-types "^1.0.1"
    parse-entities "^3.0.0"

ms@2.1.2:
  version "2.1.2"
  resolved "https://registry.yarnpkg.com/ms/-/ms-2.1.2.tgz#d09d1f357b443f493382a8eb3ccd183872ae6009"
  integrity sha512-sGkPx+VjMtmA6MX27oA4FBFELFCZZ4S4XqeGOXCv68tT+jb3vk/RyaKWP0PTKyWtmLSM0b+adUTEvbs1PEaH2w==

object-assign@^4.1.1:
  version "4.1.1"
  resolved "https://registry.yarnpkg.com/object-assign/-/object-assign-4.1.1.tgz#2109adc7965887cfc05cbbd442cac8bfbb360863"
  integrity sha1-IQmtx5ZYh8/AXLvUQsrIv7s2CGM=

parse-entities@^3.0.0:
  version "3.0.0"
  resolved "https://registry.yarnpkg.com/parse-entities/-/parse-entities-3.0.0.tgz#9ed6d6569b6cfc95ade058d683ddef239dad60dc"
  integrity sha512-AJlcIFDNPEP33KyJLguv0xJc83BNvjxwpuUIcetyXUsLpVXAUCePJ5kIoYtEN2R1ac0cYaRu/vk9dVFkewHQhQ==
  dependencies:
    character-entities "^2.0.0"
    character-entities-legacy "^2.0.0"
    character-reference-invalid "^2.0.0"
    is-alphanumerical "^2.0.0"
    is-decimal "^2.0.0"
    is-hexadecimal "^2.0.0"

prop-types@^15.0.0, prop-types@^15.6.2, prop-types@^15.7.2:
  version "15.7.2"
  resolved "https://registry.yarnpkg.com/prop-types/-/prop-types-15.7.2.tgz#52c41e75b8c87e72b9d9360e0206b99dcbffa6c5"
  integrity sha512-8QQikdH7//R2vurIJSutZ1smHYTcLpRWEOlHnzcWHmBYrOGUysKwSsrC89BCiFj3CbrfJ/nXFdJepOVrY1GCHQ==
  dependencies:
    loose-envify "^1.4.0"
    object-assign "^4.1.1"
    react-is "^16.8.1"

property-information@^6.0.0:
  version "6.0.1"
  resolved "https://registry.yarnpkg.com/property-information/-/property-information-6.0.1.tgz#7c668d9f2b9cb63bc3e105d8b8dfee7221a17800"
  integrity sha512-F4WUUAF7fMeF4/JUFHNBWDaKDXi2jbvqBW/y6o5wsf3j19wTZ7S60TmtB5HoBhtgw7NKQRMWuz5vk2PR0CygUg==

react-dom@^17.0.2:
  version "17.0.2"
  resolved "https://registry.yarnpkg.com/react-dom/-/react-dom-17.0.2.tgz#ecffb6845e3ad8dbfcdc498f0d0a939736502c23"
  integrity sha512-s4h96KtLDUQlsENhMn1ar8t2bEa+q/YAtj8pPPdIjPDGBDIVNsrD9aXNWqspUe6AzKCIG0C1HZZLqLV7qpOBGA==
  dependencies:
    loose-envify "^1.1.0"
    object-assign "^4.1.1"
    scheduler "^0.20.2"

react-intl@^5.20.10:
  version "5.20.10"
  resolved "https://registry.yarnpkg.com/react-intl/-/react-intl-5.20.10.tgz#8b0f18a5b76e9f8f5a3ccc993deb0c4cef9dcde0"
  integrity sha512-zy0ZQhpjkGsKcK1BFo2HbGM/q8GBVovzoXZGQ76DowR0yr6UzQuPLkrlIrObL2zxIYiDaxaz+hUJaoa2a1xqOQ==
  dependencies:
    "@formatjs/ecma402-abstract" "1.9.8"
    "@formatjs/icu-messageformat-parser" "2.0.11"
    "@formatjs/intl" "1.14.1"
    "@formatjs/intl-displaynames" "5.2.3"
    "@formatjs/intl-listformat" "6.3.3"
    "@types/hoist-non-react-statics" "^3.3.1"
    "@types/react" "17"
    hoist-non-react-statics "^3.3.2"
    intl-messageformat "9.9.1"
    tslib "^2.1.0"

react-is@^16.7.0, react-is@^16.8.1:
  version "16.13.1"
  resolved "https://registry.yarnpkg.com/react-is/-/react-is-16.13.1.tgz#789729a4dc36de2999dc156dd6c1d9c18cea56a4"
  integrity sha512-24e6ynE2H+OKt4kqsOvNd8kBpV65zoxbA4BVsEOB3ARVWQki/DHzaUoC5KuON/BiccDaCCTZBuOcfZs70kR8bQ==

react-is@^17.0.0, react-is@^17.0.2:
  version "17.0.2"
  resolved "https://registry.yarnpkg.com/react-is/-/react-is-17.0.2.tgz#e691d4a8e9c789365655539ab372762b0efb54f0"
  integrity sha512-w2GsyukL62IJnlaff/nRegPQR94C/XXamvMWmSHRJ4y7Ts/4ocGRmTHvOs8PSE6pB3dWOrD/nueuU5sduBsQ4w==

react-markdown@^7.0.1:
  version "7.0.1"
  resolved "https://registry.yarnpkg.com/react-markdown/-/react-markdown-7.0.1.tgz#c7365fcd7d1813b3ae68f2200e8f92d47d865627"
  integrity sha512-pthNPaoiwg0q7hukoE04F2ENwSzijIlWHJ4UMs/96LUe/G/P3FnbP4qHzx3FoNqae+2SqDG8vzniTLnJDeWneg==
  dependencies:
    "@types/hast" "^2.0.0"
    "@types/unist" "^2.0.0"
    comma-separated-tokens "^2.0.0"
    prop-types "^15.0.0"
    property-information "^6.0.0"
    react-is "^17.0.0"
    remark-parse "^10.0.0"
    remark-rehype "^9.0.0"
    space-separated-tokens "^2.0.0"
    style-to-object "^0.3.0"
    unified "^10.0.0"
    unist-util-visit "^4.0.0"
    vfile "^5.0.0"

react-number-format@^4.7.3:
  version "4.7.3"
  resolved "https://registry.yarnpkg.com/react-number-format/-/react-number-format-4.7.3.tgz#e1706204a23c40fa17365a19f5059aabfca1886f"
  integrity sha512-4EvcANjstypQ5anhanmdEioGc49qbnErfS+yqbhatC0vzQ1okplkWNb0DIY7ABu4RhaxzttEz6pypEy8KsqgBQ==
  dependencies:
    prop-types "^15.7.2"

react-transition-group@^4.4.0, react-transition-group@^4.4.1:
  version "4.4.2"
  resolved "https://registry.yarnpkg.com/react-transition-group/-/react-transition-group-4.4.2.tgz#8b59a56f09ced7b55cbd53c36768b922890d5470"
  integrity sha512-/RNYfRAMlZwDSr6z4zNKV6xu53/e2BuaBbGhbyYIXTrmgu/bGHzmqOs7mJSJBHy9Ud+ApHx3QjrkKSp1pxvlFg==
  dependencies:
    "@babel/runtime" "^7.5.5"
    dom-helpers "^5.0.1"
    loose-envify "^1.4.0"
    prop-types "^15.6.2"

react@^17.0.2:
  version "17.0.2"
  resolved "https://registry.yarnpkg.com/react/-/react-17.0.2.tgz#d0b5cc516d29eb3eee383f75b62864cfb6800037"
  integrity sha512-gnhPt75i/dq/z3/6q/0asP78D0u592D5L1pd7M8P+dck6Fu/jJeL6iVVK23fptSUZj8Vjf++7wXA8UNclGQcbA==
  dependencies:
    loose-envify "^1.1.0"
    object-assign "^4.1.1"

regenerator-runtime@^0.13.4:
  version "0.13.7"
  resolved "https://registry.yarnpkg.com/regenerator-runtime/-/regenerator-runtime-0.13.7.tgz#cac2dacc8a1ea675feaabaeb8ae833898ae46f55"
  integrity sha512-a54FxoJDIr27pgf7IgeQGxmqUNYrcV338lf/6gH456HZ/PhX+5BcwHXG9ajESmwe6WRO0tAzRUrRmNONWgkrew==

remark-parse@^10.0.0:
  version "10.0.0"
  resolved "https://registry.yarnpkg.com/remark-parse/-/remark-parse-10.0.0.tgz#65e2b2b34d8581d36b97f12a2926bb2126961cb4"
  integrity sha512-07ei47p2Xl7Bqbn9H2VYQYirnAFJPwdMuypdozWsSbnmrkgA2e2sZLZdnDNrrsxR4onmIzH/J6KXqKxCuqHtPQ==
  dependencies:
    "@types/mdast" "^3.0.0"
    mdast-util-from-markdown "^1.0.0"
    unified "^10.0.0"

remark-rehype@^9.0.0:
  version "9.0.0"
  resolved "https://registry.yarnpkg.com/remark-rehype/-/remark-rehype-9.0.0.tgz#83532a48e048373411ca50c53d84fb1a35bc7bfe"
  integrity sha512-SFA+mPWu45ynFPKeT3h5eNNVAYoMp3wizr3KSKh1IQ9L6dLSyD25/df6/vv8EW8ji3O3dnZGdbLQl592Tn+ydg==
  dependencies:
    "@types/hast" "^2.0.0"
    "@types/mdast" "^3.0.0"
    mdast-util-to-hast "^11.0.0"
    unified "^10.0.0"

rifm@^0.12.0:
  version "0.12.0"
  resolved "https://registry.yarnpkg.com/rifm/-/rifm-0.12.0.tgz#8d3a9dc0de9c190e0de9bdc8861a91a221dc1341"
  integrity sha512-PqOl+Mo2lyqrKiD34FPlnQ+ksD3F+a62TQlphiZshgriyHdfjn6jGyqUZhd+s3nsMYXwXYDdjrrv8wX7QsOG3g==

scheduler@^0.20.2:
  version "0.20.2"
  resolved "https://registry.yarnpkg.com/scheduler/-/scheduler-0.20.2.tgz#4baee39436e34aa93b4874bddcbf0fe8b8b50e91"
  integrity sha512-2eWfGgAqqWFGqtdMmcL5zCMK1U8KlXv8SQFGglL3CEtd0aDVDWgeF/YoCmvln55m5zSk3J/20hTaSBeSObsQDQ==
  dependencies:
    loose-envify "^1.1.0"
    object-assign "^4.1.1"

space-separated-tokens@^2.0.0:
  version "2.0.1"
  resolved "https://registry.yarnpkg.com/space-separated-tokens/-/space-separated-tokens-2.0.1.tgz#43193cec4fb858a2ce934b7f98b7f2c18107098b"
  integrity sha512-ekwEbFp5aqSPKaqeY1PGrlGQxPNaq+Cnx4+bE2D8sciBQrHpbwoBbawqTN2+6jPs9IdWxxiUcN0K2pkczD3zmw==

style-to-object@^0.3.0:
  version "0.3.0"
  resolved "https://registry.yarnpkg.com/style-to-object/-/style-to-object-0.3.0.tgz#b1b790d205991cc783801967214979ee19a76e46"
  integrity sha512-CzFnRRXhzWIdItT3OmF8SQfWyahHhjq3HwcMNCNLn+N7klOOqPjMeG/4JSu77D7ypZdGvSzvkrbyeTMizz2VrA==
  dependencies:
    inline-style-parser "0.1.1"

stylis@^4.0.3:
  version "4.0.10"
  resolved "https://registry.yarnpkg.com/stylis/-/stylis-4.0.10.tgz#446512d1097197ab3f02fb3c258358c3f7a14240"
  integrity sha512-m3k+dk7QeJw660eIKRRn3xPF6uuvHs/FFzjX3HQ5ove0qYsiygoAhwn5a3IYKaZPo5LrYD0rfVmtv1gNY1uYwg==

trough@^2.0.0:
  version "2.0.2"
  resolved "https://registry.yarnpkg.com/trough/-/trough-2.0.2.tgz#94a3aa9d5ce379fc561f6244905b3f36b7458d96"
  integrity sha512-FnHq5sTMxC0sk957wHDzRnemFnNBvt/gSY99HzK8F7UP5WAbvP70yX5bd7CjEQkN+TjdxwI7g7lJ6podqrG2/w==

tslib@^2.1.0:
  version "2.3.0"
  resolved "https://registry.yarnpkg.com/tslib/-/tslib-2.3.0.tgz#803b8cdab3e12ba581a4ca41c8839bbb0dacb09e"
  integrity sha512-N82ooyxVNm6h1riLCoyS9e3fuJ3AMG2zIZs2Gd1ATcSFjSA23Q0fzjjZeh0jbJvWVDZ0cJT8yaNNaaXHzueNjg==

typescript@^3.9.5:
  version "3.9.10"
  resolved "https://registry.yarnpkg.com/typescript/-/typescript-3.9.10.tgz#70f3910ac7a51ed6bef79da7800690b19bf778b8"
  integrity sha512-w6fIxVE/H1PkLKcCPsFqKE7Kv7QUwhU8qQY2MueZXWx5cPZdwFupLgKK3vntcK98BtNHZtAF4LA/yl2a7k8R6Q==

unified@^10.0.0:
  version "10.1.0"
  resolved "https://registry.yarnpkg.com/unified/-/unified-10.1.0.tgz#4e65eb38fc2448b1c5ee573a472340f52b9346fe"
  integrity sha512-4U3ru/BRXYYhKbwXV6lU6bufLikoAavTwev89H5UxY8enDFaAT2VXmIXYNm6hb5oHPng/EXr77PVyDFcptbk5g==
  dependencies:
    "@types/unist" "^2.0.0"
    bail "^2.0.0"
    extend "^3.0.0"
    is-buffer "^2.0.0"
    is-plain-obj "^4.0.0"
    trough "^2.0.0"
    vfile "^5.0.0"

unist-builder@^3.0.0:
  version "3.0.0"
  resolved "https://registry.yarnpkg.com/unist-builder/-/unist-builder-3.0.0.tgz#728baca4767c0e784e1e64bb44b5a5a753021a04"
  integrity sha512-GFxmfEAa0vi9i5sd0R2kcrI9ks0r82NasRq5QHh2ysGngrc6GiqD5CDf1FjPenY4vApmFASBIIlk/jj5J5YbmQ==
  dependencies:
    "@types/unist" "^2.0.0"

unist-util-generated@^2.0.0:
  version "2.0.0"
  resolved "https://registry.yarnpkg.com/unist-util-generated/-/unist-util-generated-2.0.0.tgz#86fafb77eb6ce9bfa6b663c3f5ad4f8e56a60113"
  integrity sha512-TiWE6DVtVe7Ye2QxOVW9kqybs6cZexNwTwSMVgkfjEReqy/xwGpAXb99OxktoWwmL+Z+Epb0Dn8/GNDYP1wnUw==

unist-util-is@^5.0.0:
  version "5.1.1"
  resolved "https://registry.yarnpkg.com/unist-util-is/-/unist-util-is-5.1.1.tgz#e8aece0b102fa9bc097b0fef8f870c496d4a6236"
  integrity sha512-F5CZ68eYzuSvJjGhCLPL3cYx45IxkqXSetCcRgUXtbcm50X2L9oOWQlfUfDdAf+6Pd27YDblBfdtmsThXmwpbQ==

unist-util-position@^4.0.0:
  version "4.0.1"
  resolved "https://registry.yarnpkg.com/unist-util-position/-/unist-util-position-4.0.1.tgz#f8484b2da19a897a0180556d160c28633070dbb9"
  integrity sha512-mgy/zI9fQ2HlbOtTdr2w9lhVaiFUHWQnZrFF2EUoVOqtAUdzqMtNiD99qA5a1IcjWVR8O6aVYE9u7Z2z1v0SQA==

unist-util-stringify-position@^3.0.0:
  version "3.0.0"
  resolved "https://registry.yarnpkg.com/unist-util-stringify-position/-/unist-util-stringify-position-3.0.0.tgz#d517d2883d74d0daa0b565adc3d10a02b4a8cde9"
  integrity sha512-SdfAl8fsDclywZpfMDTVDxA2V7LjtRDTOFd44wUJamgl6OlVngsqWjxvermMYf60elWHbxhuRCZml7AnuXCaSA==
  dependencies:
    "@types/unist" "^2.0.0"

unist-util-visit-parents@^4.0.0:
  version "4.1.1"
  resolved "https://registry.yarnpkg.com/unist-util-visit-parents/-/unist-util-visit-parents-4.1.1.tgz#e83559a4ad7e6048a46b1bdb22614f2f3f4724f2"
  integrity sha512-1xAFJXAKpnnJl8G7K5KgU7FY55y3GcLIXqkzUj5QF/QVP7biUm0K0O2oqVkYsdjzJKifYeWn9+o6piAK2hGSHw==
  dependencies:
    "@types/unist" "^2.0.0"
    unist-util-is "^5.0.0"

unist-util-visit-parents@^5.0.0:
  version "5.0.0"
  resolved "https://registry.yarnpkg.com/unist-util-visit-parents/-/unist-util-visit-parents-5.0.0.tgz#5ae2440f8710a0c18a2b4ba0c4471d18e1090494"
  integrity sha512-CVaLOYPM/EaFTYMytbaju3Tw4QI3DHnHFnL358FkEu0hZOzSm/hqBdVwOQDR60jF5ZzhB1tlZlRH0ll/yekZIQ==
  dependencies:
    "@types/unist" "^2.0.0"
    unist-util-is "^5.0.0"

unist-util-visit@^3.0.0:
  version "3.1.0"
  resolved "https://registry.yarnpkg.com/unist-util-visit/-/unist-util-visit-3.1.0.tgz#9420d285e1aee938c7d9acbafc8e160186dbaf7b"
  integrity sha512-Szoh+R/Ll68QWAyQyZZpQzZQm2UPbxibDvaY8Xc9SUtYgPsDzx5AWSk++UUt2hJuow8mvwR+rG+LQLw+KsuAKA==
  dependencies:
    "@types/unist" "^2.0.0"
    unist-util-is "^5.0.0"
    unist-util-visit-parents "^4.0.0"

unist-util-visit@^4.0.0:
  version "4.0.0"
  resolved "https://registry.yarnpkg.com/unist-util-visit/-/unist-util-visit-4.0.0.tgz#6e1f7e8e163921d20281354c38bfd3244b64580a"
  integrity sha512-3HWTvrtU10/E7qgPznBfiOyG0TXj9W8c1GSfaI8L9GkaG1pLePiQPZ7E35a0R3ToQ/zcy4Im6aZ9WBgOTnv1MQ==
  dependencies:
    "@types/unist" "^2.0.0"
    unist-util-is "^5.0.0"
    unist-util-visit-parents "^5.0.0"

vfile-message@^3.0.0:
  version "3.0.2"
  resolved "https://registry.yarnpkg.com/vfile-message/-/vfile-message-3.0.2.tgz#db7eaebe7fecb853010f2ef1664427f52baf8f74"
  integrity sha512-UUjZYIOg9lDRwwiBAuezLIsu9KlXntdxwG+nXnjuQAHvBpcX3x0eN8h+I7TkY5nkCXj+cWVp4ZqebtGBvok8ww==
  dependencies:
    "@types/unist" "^2.0.0"
    unist-util-stringify-position "^3.0.0"

vfile@^5.0.0:
  version "5.1.0"
  resolved "https://registry.yarnpkg.com/vfile/-/vfile-5.1.0.tgz#18e78016f0f71e98d737d40f0fca921dc264a600"
  integrity sha512-4o7/DJjEaFPYSh0ckv5kcYkJTHQgCKdL8ozMM1jLAxO9ox95IzveDPXCZp08HamdWq8JXTkClDvfAKaeLQeKtg==
  dependencies:
    "@types/unist" "^2.0.0"
    is-buffer "^2.0.0"
    unist-util-stringify-position "^3.0.0"
    vfile-message "^3.0.0"
